
Microsoft Visual Studio Solution File, Format Version 10.00
# Visual Studio 2008
Project("{8BC9CEB8-8B4A-11D0-8D11-00A0C91BC942}") = "EasyImage", "EasyImage\EasyImage.vcproj", "{D83E21F2-3543-4CE2-A7EC-2EA87BEBDCBB}"
EndProject
Global
	GlobalSection(SolutionConfigurationPlatforms) = preSolution
		Debug|Win32 = Debug|Win32
		Release|Win32 = Release|Win32
	EndGlobalSection
	GlobalSection(ProjectConfigurationPlatforms) = postSolution
		{D83E21F2-3543-4CE2-A7EC-2EA87BEBDCBB}.Debug|Win32.ActiveCfg = Debug|Win32
		{D83E21F2-3543-4CE2-A7EC-2EA87BEBDCBB}.Debug|Win32.Build.0 = Debug|Win32
		{D83E21F2-3543-4CE2-A7EC-2EA87BEBDCBB}.Release|Win32.ActiveCfg = Release|Win32
		{D83E21F2-3543-4CE2-A7EC-2EA87BEBDCBB}.Release|Win32.Build.0 = Release|Win32
	EndGlobalSection
	GlobalSection(SolutionProperties) = preSolution
		HideSolutionNode = FALSE
	EndGlobalSection
EndGlobal
